
Microsoft Visual Studio Solution File, Format Version 12.00
# Visual Studio Version 16
VisualStudioVersion = 16.0.30611.23
MinimumVisualStudioVersion = 10.0.40219.1
Project("{9A19103F-16F7-4668-BE54-9A1E7A4F7556}") = "UIApp", "UIApp\UIApp.csproj", "{BFBA27A1-84B8-4EEB-960D-2BAF0D830EC4}"
EndProject
Project("{9A19103F-16F7-4668-BE54-9A1E7A4F7556}") = "RecognitionLibraryNew", "RecognitionLibraryNew\RecognitionLibraryNew.csproj", "{A3DA2F64-AA7B-4D87-B28F-9B0AFF0EBD82}"
EndProject
Project("{9A19103F-16F7-4668-BE54-9A1E7A4F7556}") = "Contracts", "Contracts\Contracts.csproj", "{E8F3C4B9-7B10-4C81-8426-32702FAAA233}"
EndProject
Project("{9A19103F-16F7-4668-BE54-9A1E7A4F7556}") = "WebApi", "WebApi\WebApi.csproj", "{D2CF4613-39D7-41E3-BCEA-EAC5A54B255B}"
EndProject
Global
	GlobalSection(SolutionConfigurationPlatforms) = preSolution
		Debug|Any CPU = Debug|Any CPU
		Release|Any CPU = Release|Any CPU
	EndGlobalSection
	GlobalSection(ProjectConfigurationPlatforms) = postSolution
		{BFBA27A1-84B8-4EEB-960D-2BAF0D830EC4}.Debug|Any CPU.ActiveCfg = Debug|Any CPU
		{BFBA27A1-84B8-4EEB-960D-2BAF0D830EC4}.Debug|Any CPU.Build.0 = Debug|Any CPU
		{BFBA27A1-84B8-4EEB-960D-2BAF0D830EC4}.Release|Any CPU.ActiveCfg = Release|Any CPU
		{BFBA27A1-84B8-4EEB-960D-2BAF0D830EC4}.Release|Any CPU.Build.0 = Release|Any CPU
		{A3DA2F64-AA7B-4D87-B28F-9B0AFF0EBD82}.Debug|Any CPU.ActiveCfg = Debug|Any CPU
		{A3DA2F64-AA7B-4D87-B28F-9B0AFF0EBD82}.Debug|Any CPU.Build.0 = Debug|Any CPU
		{A3DA2F64-AA7B-4D87-B28F-9B0AFF0EBD82}.Release|Any CPU.ActiveCfg = Release|Any CPU
		{A3DA2F64-AA7B-4D87-B28F-9B0AFF0EBD82}.Release|Any CPU.Build.0 = Release|Any CPU
		{E8F3C4B9-7B10-4C81-8426-32702FAAA233}.Debug|Any CPU.ActiveCfg = Debug|Any CPU
		{E8F3C4B9-7B10-4C81-8426-32702FAAA233}.Debug|Any CPU.Build.0 = Debug|Any CPU
		{E8F3C4B9-7B10-4C81-8426-32702FAAA233}.Release|Any CPU.ActiveCfg = Release|Any CPU
		{E8F3C4B9-7B10-4C81-8426-32702FAAA233}.Release|Any CPU.Build.0 = Release|Any CPU
		{D2CF4613-39D7-41E3-BCEA-EAC5A54B255B}.Debug|Any CPU.ActiveCfg = Debug|Any CPU
		{D2CF4613-39D7-41E3-BCEA-EAC5A54B255B}.Debug|Any CPU.Build.0 = Debug|Any CPU
		{D2CF4613-39D7-41E3-BCEA-EAC5A54B255B}.Release|Any CPU.ActiveCfg = Release|Any CPU
		{D2CF4613-39D7-41E3-BCEA-EAC5A54B255B}.Release|Any CPU.Build.0 = Release|Any CPU
	EndGlobalSection
	GlobalSection(SolutionProperties) = preSolution
		HideSolutionNode = FALSE
	EndGlobalSection
	GlobalSection(ExtensibilityGlobals) = postSolution
		SolutionGuid = {E699A3AE-4BBE-4A24-84A6-1D968E42300B}
	EndGlobalSection
EndGlobal
